
Microsoft Visual Studio Solution File, Format Version 12.00
# Visual Studio Version 17
VisualStudioVersion = 17.3.32922.545
MinimumVisualStudioVersion = 10.0.40219.1
Project("{9A19103F-16F7-4668-BE54-9A1E7A4F7556}") = "Shopi.Challange.Ordering.API", "Shopi.Challange.Ordering.API\Shopi.Challange.Ordering.API.csproj", "{6E0D1DE2-7677-4AAA-AFEC-A0E95788BA30}"
EndProject
Project("{9A19103F-16F7-4668-BE54-9A1E7A4F7556}") = "Shopi.Challange.Ordering.Business", "Shopi.Challange.Ordering.Business\Shopi.Challange.Ordering.Business.csproj", "{3A8C9091-6595-472F-A89F-F848410DEDC4}"
EndProject
Project("{9A19103F-16F7-4668-BE54-9A1E7A4F7556}") = "Shopi.Challange.Ordering.Core", "Shopi.Challange.Ordering.Core\Shopi.Challange.Ordering.Core.csproj", "{C535FEFA-0B7B-42F1-8E34-E5721955E7E4}"
EndProject
Project("{9A19103F-16F7-4668-BE54-9A1E7A4F7556}") = "Shopi.Challange.Ordering.Data", "Shopi.Challange.Ordering.Data\Shopi.Challange.Ordering.Data.csproj", "{E65807B9-6CBF-42E7-BD26-DFE276E3CB12}"
EndProject
Project("{2150E333-8FDC-42A3-9474-1A3956D46DE8}") = "Solution Items", "Solution Items", "{9D9A01AB-2149-4B63-B1B9-3E18B112D203}"
	ProjectSection(SolutionItems) = preProject
		docker-compose.override.yml = docker-compose.override.yml
		docker-compose.yml = docker-compose.yml
	EndProjectSection
EndProject
Global
	GlobalSection(SolutionConfigurationPlatforms) = preSolution
		Debug|Any CPU = Debug|Any CPU
		Release|Any CPU = Release|Any CPU
	EndGlobalSection
	GlobalSection(ProjectConfigurationPlatforms) = postSolution
		{6E0D1DE2-7677-4AAA-AFEC-A0E95788BA30}.Debug|Any CPU.ActiveCfg = Debug|Any CPU
		{6E0D1DE2-7677-4AAA-AFEC-A0E95788BA30}.Debug|Any CPU.Build.0 = Debug|Any CPU
		{6E0D1DE2-7677-4AAA-AFEC-A0E95788BA30}.Release|Any CPU.ActiveCfg = Release|Any CPU
		{6E0D1DE2-7677-4AAA-AFEC-A0E95788BA30}.Release|Any CPU.Build.0 = Release|Any CPU
		{3A8C9091-6595-472F-A89F-F848410DEDC4}.Debug|Any CPU.ActiveCfg = Debug|Any CPU
		{3A8C9091-6595-472F-A89F-F848410DEDC4}.Debug|Any CPU.Build.0 = Debug|Any CPU
		{3A8C9091-6595-472F-A89F-F848410DEDC4}.Release|Any CPU.ActiveCfg = Release|Any CPU
		{3A8C9091-6595-472F-A89F-F848410DEDC4}.Release|Any CPU.Build.0 = Release|Any CPU
		{C535FEFA-0B7B-42F1-8E34-E5721955E7E4}.Debug|Any CPU.ActiveCfg = Debug|Any CPU
		{C535FEFA-0B7B-42F1-8E34-E5721955E7E4}.Debug|Any CPU.Build.0 = Debug|Any CPU
		{C535FEFA-0B7B-42F1-8E34-E5721955E7E4}.Release|Any CPU.ActiveCfg = Release|Any CPU
		{C535FEFA-0B7B-42F1-8E34-E5721955E7E4}.Release|Any CPU.Build.0 = Release|Any CPU
		{E65807B9-6CBF-42E7-BD26-DFE276E3CB12}.Debug|Any CPU.ActiveCfg = Debug|Any CPU
		{E65807B9-6CBF-42E7-BD26-DFE276E3CB12}.Debug|Any CPU.Build.0 = Debug|Any CPU
		{E65807B9-6CBF-42E7-BD26-DFE276E3CB12}.Release|Any CPU.ActiveCfg = Release|Any CPU
		{E65807B9-6CBF-42E7-BD26-DFE276E3CB12}.Release|Any CPU.Build.0 = Release|Any CPU
	EndGlobalSection
	GlobalSection(SolutionProperties) = preSolution
		HideSolutionNode = FALSE
	EndGlobalSection
	GlobalSection(ExtensibilityGlobals) = postSolution
		SolutionGuid = {FBF6A015-C5F5-47F3-B84E-9BC469AAE322}
	EndGlobalSection
EndGlobal
